<Solution>
  <Folder Name="/src/">
    <Project Path="src/Pimly.Api/Pimly.Api.csproj" />
    <Project Path="src/Pimly.TaxonomySync.Worker/Pimly.TaxonomySync.Worker.csproj" />
    <Project Path="src/Pimly.ProductImports.Worker/Pimly.ProductImports.Worker.csproj" />
    <Project Path="src/Pimly.ProductPublications.Worker/Pimly.ProductPublications.Worker.csproj" />
    <Project Path="src/Pimly.ListingSync.Worker/Pimly.ListingSync.Worker.csproj" />
    <Project Path="src/Pimly.Outbox.Worker/Pimly.Outbox.Worker.csproj" />
    <Project Path="src/Pimly.AspNetCore/Pimly.AspNetCore.csproj" />
    <Project Path="src/SharedKernel/SharedKernel.csproj" />
    <Project Path="src/Pimly.Outbox/Pimly.Outbox.csproj" />
    <Project Path="src/Pimly.Integration/Pimly.Integration.csproj" />
  </Folder>
  <Folder Name="/src/Modules/" />
  <Folder Name="/src/Modules/Catalog/">
    <Project Path="src/Modules/Catalog/Catalog.Domain/Catalog.Domain.csproj" />
    <Project Path="src/Modules/Catalog/Catalog.Application/Catalog.Application.csproj" />
    <Project Path="src/Modules/Catalog/Catalog.Api/Catalog.Api.csproj" />
    <Project Path="src/Modules/Catalog/Catalog.Infrastructure/Catalog.Infrastructure.csproj" />
  </Folder>
  <Folder Name="/src/Modules/Identity/">
    <Project Path="src/Modules/Identity/Identity.Domain/Identity.Domain.csproj" />
    <Project Path="src/Modules/Identity/Identity.Application/Identity.Application.csproj" />
    <Project Path="src/Modules/Identity/Identity.Api/Identity.Api.csproj" />
    <Project Path="src/Modules/Identity/Identity.Infrastructure/Identity.Infrastructure.csproj" />
  </Folder>
  <Folder Name="/src/Modules/Media/">
    <Project Path="src/Modules/Media/Media.Application/Media.Application.csproj" />
    <Project Path="src/Modules/Media/Media.Api/Media.Api.csproj" />
    <Project Path="src/Modules/Media/Media.Infrastructure/Media.Infrastructure.csproj" />
  </Folder>
  <Folder Name="/src/Modules/Channels/">
    <Project Path="src/Modules/Channels/Channels.Domain/Channels.Domain.csproj" />
    <Project Path="src/Modules/Channels/Channels.Application/Channels.Application.csproj" />
    <Project Path="src/Modules/Channels/Channels.Api/Channels.Api.csproj" />
    <Project Path="src/Modules/Channels/Channels.Infrastructure/Channels.Infrastructure.csproj" />
  </Folder>
  <Folder Name="/src/Modules/Pricing/">
    <Project Path="src/Modules/Pricing/Pricing.Domain/Pricing.Domain.csproj" />
    <Project Path="src/Modules/Pricing/Pricing.Application/Pricing.Application.csproj" />
    <Project Path="src/Modules/Pricing/Pricing.Api/Pricing.Api.csproj" />
    <Project Path="src/Modules/Pricing/Pricing.Infrastructure/Pricing.Infrastructure.csproj" />
  </Folder>
  <Folder Name="/src/Modules/Inventory/">
    <Project Path="src/Modules/Inventory/Inventory.Domain/Inventory.Domain.csproj" />
    <Project Path="src/Modules/Inventory/Inventory.Application/Inventory.Application.csproj" />
    <Project Path="src/Modules/Inventory/Inventory.Api/Inventory.Api.csproj" />
    <Project Path="src/Modules/Inventory/Inventory.Infrastructure/Inventory.Infrastructure.csproj" />
  </Folder>
  <Folder Name="/tests/">
    <Project Path="tests/Catalog.Domain.UnitTests/Catalog.Domain.UnitTests.csproj" />
    <Project Path="tests/Catalog.Application.UnitTests/Catalog.Application.UnitTests.csproj" />
    <Project Path="tests/Catalog.IntegrationTests/Catalog.IntegrationTests.csproj" />
    <Project Path="tests/Identity.Application.UnitTests/Identity.Application.UnitTests.csproj" />
    <Project Path="tests/Identity.IntegrationTests/Identity.IntegrationTests.csproj" />
    <Project Path="tests/Media.Application.UnitTests/Media.Application.UnitTests.csproj" />
    <Project Path="tests/Channels.UnitTests/Channels.UnitTests.csproj" />
  </Folder>
</Solution>
